{
  "version": 4,
  "terraform_version": "1.3.7",
  "serial": 24,
  "lineage": "88eb655a-9eba-d303-48c1-00cd6c0d1009",
  "outputs": {},
  "resources": [
    {
      "mode": "managed",
      "type": "google_compute_disk",
      "name": "coreserver-data-a",
      "provider": "provider[\"registry.terraform.io/hashicorp/google\"]",
      "instances": [
        {
          "index_key": 0,
          "schema_version": 0,
          "attributes": {
            "creation_timestamp": "2023-01-09T06:54:11.728-08:00",
            "description": "",
            "disk_encryption_key": [],
            "id": "projects/quobyte-demo/zones/us-west1-a/disks/quobyte-coredatadisk-0-a",
            "image": "",
            "label_fingerprint": "42WmSpB8rSM=",
            "labels": null,
            "last_attach_timestamp": "",
            "last_detach_timestamp": "",
            "name": "quobyte-coredatadisk-0-a",
            "physical_block_size_bytes": 4096,
            "project": "quobyte-demo",
            "provisioned_iops": 0,
            "self_link": "https://www.googleapis.com/compute/v1/projects/quobyte-demo/zones/us-west1-a/disks/quobyte-coredatadisk-0-a",
            "size": 100,
            "snapshot": "",
            "source_disk": "",
            "source_disk_id": "",
            "source_image_encryption_key": [],
            "source_image_id": "",
            "source_snapshot_encryption_key": [],
            "source_snapshot_id": "",
            "timeouts": null,
            "type": "pd-ssd",
            "users": [],
            "zone": "us-west1-a"
          },
          "sensitive_attributes": [],
          "private": "eyJlMmJmYjczMC1lY2FhLTExZTYtOGY4OC0zNDM2M2JjN2M0YzAiOnsiY3JlYXRlIjoxMjAwMDAwMDAwMDAwLCJkZWxldGUiOjEyMDAwMDAwMDAwMDAsInVwZGF0ZSI6MTIwMDAwMDAwMDAwMH19"
        },
        {
          "index_key": 1,
          "schema_version": 0,
          "attributes": {
            "creation_timestamp": "2023-01-09T06:54:11.787-08:00",
            "description": "",
            "disk_encryption_key": [],
            "id": "projects/quobyte-demo/zones/us-west1-a/disks/quobyte-coredatadisk-1-a",
            "image": "",
            "label_fingerprint": "42WmSpB8rSM=",
            "labels": null,
            "last_attach_timestamp": "",
            "last_detach_timestamp": "",
            "name": "quobyte-coredatadisk-1-a",
            "physical_block_size_bytes": 4096,
            "project": "quobyte-demo",
            "provisioned_iops": 0,
            "self_link": "https://www.googleapis.com/compute/v1/projects/quobyte-demo/zones/us-west1-a/disks/quobyte-coredatadisk-1-a",
            "size": 100,
            "snapshot": "",
            "source_disk": "",
            "source_disk_id": "",
            "source_image_encryption_key": [],
            "source_image_id": "",
            "source_snapshot_encryption_key": [],
            "source_snapshot_id": "",
            "timeouts": null,
            "type": "pd-ssd",
            "users": [],
            "zone": "us-west1-a"
          },
          "sensitive_attributes": [],
          "private": "eyJlMmJmYjczMC1lY2FhLTExZTYtOGY4OC0zNDM2M2JjN2M0YzAiOnsiY3JlYXRlIjoxMjAwMDAwMDAwMDAwLCJkZWxldGUiOjEyMDAwMDAwMDAwMDAsInVwZGF0ZSI6MTIwMDAwMDAwMDAwMH19"
        },
        {
          "index_key": 2,
          "schema_version": 0,
          "attributes": {
            "creation_timestamp": "2023-01-09T06:54:11.804-08:00",
            "description": "",
            "disk_encryption_key": [],
            "id": "projects/quobyte-demo/zones/us-west1-a/disks/quobyte-coredatadisk-2-a",
            "image": "",
            "label_fingerprint": "42WmSpB8rSM=",
            "labels": null,
            "last_attach_timestamp": "",
            "last_detach_timestamp": "",
            "name": "quobyte-coredatadisk-2-a",
            "physical_block_size_bytes": 4096,
            "project": "quobyte-demo",
            "provisioned_iops": 0,
            "self_link": "https://www.googleapis.com/compute/v1/projects/quobyte-demo/zones/us-west1-a/disks/quobyte-coredatadisk-2-a",
            "size": 100,
            "snapshot": "",
            "source_disk": "",
            "source_disk_id": "",
            "source_image_encryption_key": [],
            "source_image_id": "",
            "source_snapshot_encryption_key": [],
            "source_snapshot_id": "",
            "timeouts": null,
            "type": "pd-ssd",
            "users": [],
            "zone": "us-west1-a"
          },
          "sensitive_attributes": [],
          "private": "eyJlMmJmYjczMC1lY2FhLTExZTYtOGY4OC0zNDM2M2JjN2M0YzAiOnsiY3JlYXRlIjoxMjAwMDAwMDAwMDAwLCJkZWxldGUiOjEyMDAwMDAwMDAwMDAsInVwZGF0ZSI6MTIwMDAwMDAwMDAwMH19"
        },
        {
          "index_key": 3,
          "schema_version": 0,
          "attributes": {
            "creation_timestamp": "2023-01-09T06:54:11.745-08:00",
            "description": "",
            "disk_encryption_key": [],
            "id": "projects/quobyte-demo/zones/us-west1-a/disks/quobyte-coredatadisk-3-a",
            "image": "",
            "label_fingerprint": "42WmSpB8rSM=",
            "labels": null,
            "last_attach_timestamp": "",
            "last_detach_timestamp": "",
            "name": "quobyte-coredatadisk-3-a",
            "physical_block_size_bytes": 4096,
            "project": "quobyte-demo",
            "provisioned_iops": 0,
            "self_link": "https://www.googleapis.com/compute/v1/projects/quobyte-demo/zones/us-west1-a/disks/quobyte-coredatadisk-3-a",
            "size": 100,
            "snapshot": "",
            "source_disk": "",
            "source_disk_id": "",
            "source_image_encryption_key": [],
            "source_image_id": "",
            "source_snapshot_encryption_key": [],
            "source_snapshot_id": "",
            "timeouts": null,
            "type": "pd-ssd",
            "users": [],
            "zone": "us-west1-a"
          },
          "sensitive_attributes": [],
          "private": "eyJlMmJmYjczMC1lY2FhLTExZTYtOGY4OC0zNDM2M2JjN2M0YzAiOnsiY3JlYXRlIjoxMjAwMDAwMDAwMDAwLCJkZWxldGUiOjEyMDAwMDAwMDAwMDAsInVwZGF0ZSI6MTIwMDAwMDAwMDAwMH19"
        }
      ]
    },
    {
      "mode": "managed",
      "type": "google_compute_disk",
      "name": "coreserver-metadata-a",
      "provider": "provider[\"registry.terraform.io/hashicorp/google\"]",
      "instances": [
        {
          "index_key": 0,
          "schema_version": 0,
          "attributes": {
            "creation_timestamp": "2023-01-09T06:54:11.721-08:00",
            "description": "",
            "disk_encryption_key": [],
            "id": "projects/quobyte-demo/zones/us-west1-a/disks/quobyte-metadatadisk-0-a",
            "image": "",
            "label_fingerprint": "42WmSpB8rSM=",
            "labels": null,
            "last_attach_timestamp": "",
            "last_detach_timestamp": "",
            "name": "quobyte-metadatadisk-0-a",
            "physical_block_size_bytes": 4096,
            "project": "quobyte-demo",
            "provisioned_iops": 0,
            "self_link": "https://www.googleapis.com/compute/v1/projects/quobyte-demo/zones/us-west1-a/disks/quobyte-metadatadisk-0-a",
            "size": 50,
            "snapshot": "",
            "source_disk": "",
            "source_disk_id": "",
            "source_image_encryption_key": [],
            "source_image_id": "",
            "source_snapshot_encryption_key": [],
            "source_snapshot_id": "",
            "timeouts": null,
            "type": "pd-ssd",
            "users": [],
            "zone": "us-west1-a"
          },
          "sensitive_attributes": [],
          "private": "eyJlMmJmYjczMC1lY2FhLTExZTYtOGY4OC0zNDM2M2JjN2M0YzAiOnsiY3JlYXRlIjoxMjAwMDAwMDAwMDAwLCJkZWxldGUiOjEyMDAwMDAwMDAwMDAsInVwZGF0ZSI6MTIwMDAwMDAwMDAwMH19"
        },
        {
          "index_key": 1,
          "schema_version": 0,
          "attributes": {
            "creation_timestamp": "2023-01-09T06:54:11.734-08:00",
            "description": "",
            "disk_encryption_key": [],
            "id": "projects/quobyte-demo/zones/us-west1-a/disks/quobyte-metadatadisk-1-a",
            "image": "",
            "label_fingerprint": "42WmSpB8rSM=",
            "labels": null,
            "last_attach_timestamp": "",
            "last_detach_timestamp": "",
            "name": "quobyte-metadatadisk-1-a",
            "physical_block_size_bytes": 4096,
            "project": "quobyte-demo",
            "provisioned_iops": 0,
            "self_link": "https://www.googleapis.com/compute/v1/projects/quobyte-demo/zones/us-west1-a/disks/quobyte-metadatadisk-1-a",
            "size": 50,
            "snapshot": "",
            "source_disk": "",
            "source_disk_id": "",
            "source_image_encryption_key": [],
            "source_image_id": "",
            "source_snapshot_encryption_key": [],
            "source_snapshot_id": "",
            "timeouts": null,
            "type": "pd-ssd",
            "users": [],
            "zone": "us-west1-a"
          },
          "sensitive_attributes": [],
          "private": "eyJlMmJmYjczMC1lY2FhLTExZTYtOGY4OC0zNDM2M2JjN2M0YzAiOnsiY3JlYXRlIjoxMjAwMDAwMDAwMDAwLCJkZWxldGUiOjEyMDAwMDAwMDAwMDAsInVwZGF0ZSI6MTIwMDAwMDAwMDAwMH19"
        },
        {
          "index_key": 2,
          "schema_version": 0,
          "attributes": {
            "creation_timestamp": "2023-01-09T06:54:12.308-08:00",
            "description": "",
            "disk_encryption_key": [],
            "id": "projects/quobyte-demo/zones/us-west1-a/disks/quobyte-metadatadisk-2-a",
            "image": "",
            "label_fingerprint": "42WmSpB8rSM=",
            "labels": null,
            "last_attach_timestamp": "",
            "last_detach_timestamp": "",
            "name": "quobyte-metadatadisk-2-a",
            "physical_block_size_bytes": 4096,
            "project": "quobyte-demo",
            "provisioned_iops": 0,
            "self_link": "https://www.googleapis.com/compute/v1/projects/quobyte-demo/zones/us-west1-a/disks/quobyte-metadatadisk-2-a",
            "size": 50,
            "snapshot": "",
            "source_disk": "",
            "source_disk_id": "",
            "source_image_encryption_key": [],
            "source_image_id": "",
            "source_snapshot_encryption_key": [],
            "source_snapshot_id": "",
            "timeouts": null,
            "type": "pd-ssd",
            "users": [],
            "zone": "us-west1-a"
          },
          "sensitive_attributes": [],
          "private": "eyJlMmJmYjczMC1lY2FhLTExZTYtOGY4OC0zNDM2M2JjN2M0YzAiOnsiY3JlYXRlIjoxMjAwMDAwMDAwMDAwLCJkZWxldGUiOjEyMDAwMDAwMDAwMDAsInVwZGF0ZSI6MTIwMDAwMDAwMDAwMH19"
        },
        {
          "index_key": 3,
          "schema_version": 0,
          "attributes": {
            "creation_timestamp": "2023-01-09T06:54:11.777-08:00",
            "description": "",
            "disk_encryption_key": [],
            "id": "projects/quobyte-demo/zones/us-west1-a/disks/quobyte-metadatadisk-3-a",
            "image": "",
            "label_fingerprint": "42WmSpB8rSM=",
            "labels": null,
            "last_attach_timestamp": "",
            "last_detach_timestamp": "",
            "name": "quobyte-metadatadisk-3-a",
            "physical_block_size_bytes": 4096,
            "project": "quobyte-demo",
            "provisioned_iops": 0,
            "self_link": "https://www.googleapis.com/compute/v1/projects/quobyte-demo/zones/us-west1-a/disks/quobyte-metadatadisk-3-a",
            "size": 50,
            "snapshot": "",
            "source_disk": "",
            "source_disk_id": "",
            "source_image_encryption_key": [],
            "source_image_id": "",
            "source_snapshot_encryption_key": [],
            "source_snapshot_id": "",
            "timeouts": null,
            "type": "pd-ssd",
            "users": [],
            "zone": "us-west1-a"
          },
          "sensitive_attributes": [],
          "private": "eyJlMmJmYjczMC1lY2FhLTExZTYtOGY4OC0zNDM2M2JjN2M0YzAiOnsiY3JlYXRlIjoxMjAwMDAwMDAwMDAwLCJkZWxldGUiOjEyMDAwMDAwMDAwMDAsInVwZGF0ZSI6MTIwMDAwMDAwMDAwMH19"
        }
      ]
    },
    {
      "mode": "managed",
      "type": "google_compute_instance",
      "name": "vs",
      "provider": "provider[\"registry.terraform.io/hashicorp/google\"]",
      "instances": []
    }
  ],
  "check_results": null
}
